
Microsoft Visual Studio Solution File, Format Version 12.00
# Visual Studio Version 17
VisualStudioVersion = 17.12.35514.174 d17.12
MinimumVisualStudioVersion = 10.0.40219.1
Project("{FAE04EC0-301F-11D3-BF4B-00C04F79EFBC}") = "MarkingApp", "MarkingApp\MarkingApp.csproj", "{93906785-B9E7-4562-B140-D43E194D508C}"
EndProject
Project("{2150E333-8FDC-42A3-9474-1A3956D46DE8}") = "解决方案项", "解决方案项", "{9F97FB25-9CA0-4D32-ABB1-6FB3D2029DDD}"
	ProjectSection(SolutionItems) = preProject
		Readme.md = Readme.md
	EndProjectSection
EndProject
Global
	GlobalSection(SolutionConfigurationPlatforms) = preSolution
		Debug|Any CPU = Debug|Any CPU
		Release|Any CPU = Release|Any CPU
	EndGlobalSection
	GlobalSection(ProjectConfigurationPlatforms) = postSolution
		{93906785-B9E7-4562-B140-D43E194D508C}.Debug|Any CPU.ActiveCfg = Debug|Any CPU
		{93906785-B9E7-4562-B140-D43E194D508C}.Debug|Any CPU.Build.0 = Debug|Any CPU
		{93906785-B9E7-4562-B140-D43E194D508C}.Release|Any CPU.ActiveCfg = Release|Any CPU
		{93906785-B9E7-4562-B140-D43E194D508C}.Release|Any CPU.Build.0 = Release|Any CPU
	EndGlobalSection
	GlobalSection(SolutionProperties) = preSolution
		HideSolutionNode = FALSE
	EndGlobalSection
EndGlobal
